
Microsoft Visual Studio Solution File, Format Version 12.00
# Visual Studio Version 17
VisualStudioVersion = 17.7.34031.279
MinimumVisualStudioVersion = 10.0.40219.1
Project("{8BC9CEB8-8B4A-11D0-8D11-00A0C91BC942}") = "P006_Entrada_y_Salida_de_datos", "..\P006_Entrada_y_Salida_de_datos\P006_Entrada_y_Salida_de_datos.vcxproj", "{C11FB0DE-A8C1-42C8-B760-00E783D0DBD7}"
EndProject
Global
	GlobalSection(SolutionConfigurationPlatforms) = preSolution
		Debug|x64 = Debug|x64
		Debug|x86 = Debug|x86
		Release|x64 = Release|x64
		Release|x86 = Release|x86
	EndGlobalSection
	GlobalSection(ProjectConfigurationPlatforms) = postSolution
		{C11FB0DE-A8C1-42C8-B760-00E783D0DBD7}.Debug|x64.ActiveCfg = Debug|x64
		{C11FB0DE-A8C1-42C8-B760-00E783D0DBD7}.Debug|x64.Build.0 = Debug|x64
		{C11FB0DE-A8C1-42C8-B760-00E783D0DBD7}.Debug|x86.ActiveCfg = Debug|Win32
		{C11FB0DE-A8C1-42C8-B760-00E783D0DBD7}.Debug|x86.Build.0 = Debug|Win32
		{C11FB0DE-A8C1-42C8-B760-00E783D0DBD7}.Release|x64.ActiveCfg = Release|x64
		{C11FB0DE-A8C1-42C8-B760-00E783D0DBD7}.Release|x64.Build.0 = Release|x64
		{C11FB0DE-A8C1-42C8-B760-00E783D0DBD7}.Release|x86.ActiveCfg = Release|Win32
		{C11FB0DE-A8C1-42C8-B760-00E783D0DBD7}.Release|x86.Build.0 = Release|Win32
	EndGlobalSection
	GlobalSection(SolutionProperties) = preSolution
		HideSolutionNode = FALSE
	EndGlobalSection
	GlobalSection(ExtensibilityGlobals) = postSolution
		SolutionGuid = {544A6F87-42FE-41C0-9752-DFAFFE3E4525}
	EndGlobalSection
EndGlobal
