
Microsoft Visual Studio Solution File, Format Version 12.00
# Visual Studio Version 17
VisualStudioVersion = 17.7.34221.43
MinimumVisualStudioVersion = 10.0.40219.1
Project("{8BC9CEB8-8B4A-11D0-8D11-00A0C91BC942}") = "P016_Captura_de_juegos", "P016_Captura_de_juegos.vcxproj", "{363BE7F0-2A9D-47D6-9B66-A229B29851E8}"
EndProject
Global
	GlobalSection(SolutionConfigurationPlatforms) = preSolution
		Debug|x64 = Debug|x64
		Debug|x86 = Debug|x86
		Release|x64 = Release|x64
		Release|x86 = Release|x86
	EndGlobalSection
	GlobalSection(ProjectConfigurationPlatforms) = postSolution
		{363BE7F0-2A9D-47D6-9B66-A229B29851E8}.Debug|x64.ActiveCfg = Debug|x64
		{363BE7F0-2A9D-47D6-9B66-A229B29851E8}.Debug|x64.Build.0 = Debug|x64
		{363BE7F0-2A9D-47D6-9B66-A229B29851E8}.Debug|x86.ActiveCfg = Debug|Win32
		{363BE7F0-2A9D-47D6-9B66-A229B29851E8}.Debug|x86.Build.0 = Debug|Win32
		{363BE7F0-2A9D-47D6-9B66-A229B29851E8}.Release|x64.ActiveCfg = Release|x64
		{363BE7F0-2A9D-47D6-9B66-A229B29851E8}.Release|x64.Build.0 = Release|x64
		{363BE7F0-2A9D-47D6-9B66-A229B29851E8}.Release|x86.ActiveCfg = Release|Win32
		{363BE7F0-2A9D-47D6-9B66-A229B29851E8}.Release|x86.Build.0 = Release|Win32
	EndGlobalSection
	GlobalSection(SolutionProperties) = preSolution
		HideSolutionNode = FALSE
	EndGlobalSection
	GlobalSection(ExtensibilityGlobals) = postSolution
		SolutionGuid = {B79DD937-9E88-4DAE-990C-37EA7355C8C9}
	EndGlobalSection
EndGlobal
